
Microsoft Visual Studio Solution File, Format Version 12.00
# Visual Studio Version 17
VisualStudioVersion = 17.13.35825.156 d17.13
MinimumVisualStudioVersion = 10.0.40219.1
Project("{FAE04EC0-301F-11D3-BF4B-00C04F79EFBC}") = "Proyecto de prueba 4", "Proyecto de prueba 4\Proyecto de prueba 4.csproj", "{46DCEFD6-21CB-4E79-BC97-CC769CF0EE43}"
EndProject
Global
	GlobalSection(SolutionConfigurationPlatforms) = preSolution
		Debug|Any CPU = Debug|Any CPU
		Release|Any CPU = Release|Any CPU
	EndGlobalSection
	GlobalSection(ProjectConfigurationPlatforms) = postSolution
		{46DCEFD6-21CB-4E79-BC97-CC769CF0EE43}.Debug|Any CPU.ActiveCfg = Debug|Any CPU
		{46DCEFD6-21CB-4E79-BC97-CC769CF0EE43}.Debug|Any CPU.Build.0 = Debug|Any CPU
		{46DCEFD6-21CB-4E79-BC97-CC769CF0EE43}.Release|Any CPU.ActiveCfg = Release|Any CPU
		{46DCEFD6-21CB-4E79-BC97-CC769CF0EE43}.Release|Any CPU.Build.0 = Release|Any CPU
	EndGlobalSection
	GlobalSection(SolutionProperties) = preSolution
		HideSolutionNode = FALSE
	EndGlobalSection
	GlobalSection(ExtensibilityGlobals) = postSolution
		SolutionGuid = {2AF21736-2C87-4021-9B04-A634DA7A9BB5}
	EndGlobalSection
EndGlobal
